dependencies:
- name: compose
  repository: file://./charts/compose
  version: 0.1.0
- name: mesh
  repository: file://./charts/mesh
  version: 0.1.0
- name: worker
  repository: file://./charts/worker
  version: 0.1.0
digest: sha256:95312f66ca6c8be18f83fd7cf1d871ca6340816dbc05f35db232171274235919
generated: "2025-05-28T09:17:51.783867+05:30"
